
Microsoft Visual Studio Solution File, Format Version 12.00
# Visual Studio Version 17
VisualStudioVersion = 17.6.33801.468
MinimumVisualStudioVersion = 10.0.40219.1
Project("{FAE04EC0-301F-11D3-BF4B-00C04F79EFBC}") = "TestAppGetAllDirectories", "TestAppGetAllDirectories\TestAppGetAllDirectories.csproj", "{C611BC86-CA48-46C7-A9BA-6F75D4FE20AE}"
EndProject
Project("{FAE04EC0-301F-11D3-BF4B-00C04F79EFBC}") = "GetDirectoryInfoLib", "GetDirectoryInfoLib\GetDirectoryInfoLib.csproj", "{41E61F70-A64F-48A4-A42D-C40E9F689F5C}"
EndProject
Project("{FAE04EC0-301F-11D3-BF4B-00C04F79EFBC}") = "HTMLConstructorLib", "HTMLConstructor\HTMLConstructorLib.csproj", "{0A8E8C0B-64BE-450C-A6B5-DB9F05F65BD2}"
EndProject
Global
	GlobalSection(SolutionConfigurationPlatforms) = preSolution
		Debug|Any CPU = Debug|Any CPU
		Release|Any CPU = Release|Any CPU
	EndGlobalSection
	GlobalSection(ProjectConfigurationPlatforms) = postSolution
		{C611BC86-CA48-46C7-A9BA-6F75D4FE20AE}.Debug|Any CPU.ActiveCfg = Debug|Any CPU
		{C611BC86-CA48-46C7-A9BA-6F75D4FE20AE}.Debug|Any CPU.Build.0 = Debug|Any CPU
		{C611BC86-CA48-46C7-A9BA-6F75D4FE20AE}.Release|Any CPU.ActiveCfg = Release|Any CPU
		{C611BC86-CA48-46C7-A9BA-6F75D4FE20AE}.Release|Any CPU.Build.0 = Release|Any CPU
		{41E61F70-A64F-48A4-A42D-C40E9F689F5C}.Debug|Any CPU.ActiveCfg = Debug|Any CPU
		{41E61F70-A64F-48A4-A42D-C40E9F689F5C}.Debug|Any CPU.Build.0 = Debug|Any CPU
		{41E61F70-A64F-48A4-A42D-C40E9F689F5C}.Release|Any CPU.ActiveCfg = Release|Any CPU
		{41E61F70-A64F-48A4-A42D-C40E9F689F5C}.Release|Any CPU.Build.0 = Release|Any CPU
		{0A8E8C0B-64BE-450C-A6B5-DB9F05F65BD2}.Debug|Any CPU.ActiveCfg = Debug|Any CPU
		{0A8E8C0B-64BE-450C-A6B5-DB9F05F65BD2}.Debug|Any CPU.Build.0 = Debug|Any CPU
		{0A8E8C0B-64BE-450C-A6B5-DB9F05F65BD2}.Release|Any CPU.ActiveCfg = Release|Any CPU
		{0A8E8C0B-64BE-450C-A6B5-DB9F05F65BD2}.Release|Any CPU.Build.0 = Release|Any CPU
	EndGlobalSection
	GlobalSection(SolutionProperties) = preSolution
		HideSolutionNode = FALSE
	EndGlobalSection
	GlobalSection(ExtensibilityGlobals) = postSolution
		SolutionGuid = {88C58B31-6E4F-4C3F-B2BC-33BE68690628}
	EndGlobalSection
EndGlobal
